// !$*UTF8*$!
{
	archiveVersion = 1;
	classes = {
	};
	objectVersion = 46;
	objects = {

/* Begin PBXBuildFile section */
		CBEFADBA1EE7952B00B18EAB /* AppDelegate.swift in Sources */ = {isa = PBXBuildFile; fileRef = CBEFADB91EE7952B00B18EAB /* AppDelegate.swift */; };
		CBEFADBC1EE7952B00B18EAB /* ViewController.swift in Sources */ = {isa = PBXBuildFile; fileRef = CBEFADBB1EE7952B00B18EAB /* ViewController.swift */; };
		CBEFADBF1EE7952B00B18EAB /* Main.storyboard in Resources */ = {isa = PBXBuildFile; fileRef = CBEFADBD1EE7952B00B18EAB /* Main.storyboard */; };
		CBEFADC11EE7952B00B18EAB /* Assets.xcassets in Resources */ = {isa = PBXBuildFile; fileRef = CBEFADC01EE7952B00B18EAB /* Assets.xcassets */; };
		CBEFADC41EE7952B00B18EAB /* LaunchScreen.storyboard in Resources */ = {isa = PBXBuildFile; fileRef = CBEFADC21EE7952B00B18EAB /* LaunchScreen.storyboard */; };
/* End PBXBuildFile section */

/* Begin PBXFileReference section */
		CBEFADB61EE7952B00B18EAB /* ClassConnect.app */ = {isa = PBXFileReference; explicitFileType = wrapper.application; includeInIndex = 0; path = ClassConnect.app; sourceTree = BUILT_PRODUCTS_DIR; };
		CBEFADB91EE7952B00B18EAB /* AppDelegate.swift */ = {isa = PBXFileReference; lastKnownFileType = sourcecode.swift; path = AppDelegate.swift; sourceTree = "<group>"; };
		CBEFADBB1EE7952B00B18EAB /* ViewController.swift */ = {isa = PBXFileReference; lastKnownFileType = sourcecode.swift; path = ViewController.swift; sourceTree = "<group>"; };
		CBEFADBE1EE7952B00B18EAB /* Base */ = {isa = PBXFileReference; lastKnownFileType = file.storyboard; name = Base; path = Base.lproj/Main.storyboard; sourceTree = "<group>"; };
		CBEFADC01EE7952B00B18EAB /* Assets.xcassets */ = {isa = PBXFileReference; lastKnownFileType = folder.assetcatalog; path = Assets.xcassets; sourceTree = "<group>"; };
		CBEFADC31EE7952B00B18EAB /* Base */ = {isa = PBXFileReference; lastKnownFileType = file.storyboard; name = Base; path = Base.lproj/LaunchScreen.storyboard; sourceTree = "<group>"; };
		CBEFADC51EE7952B00B18EAB /* Info.plist */ = {isa = PBXFileReference; lastKnownFileType = text.plist.xml; path = Info.plist; sourceTree = "<group>"; };
/* End PBXFileReference section */

/* Begin PBXFrameworksBuildPhase section */
		CBEFADB31EE7952B00B18EAB /* Frameworks */ = {
			isa = PBXFrameworksBuildPhase;
			buildActionMask = 2147483647;
			files = (
			);
			runOnlyForDeploymentPostprocessing = 0;
		};
/* End PBXFrameworksBuildPhase section */

/* Begin PBXGroup section */
		CBEFADAD1EE7952B00B18EAB = {
			isa = PBXGroup;
			children = (
				CBEFADB81EE7952B00B18EAB /* ClassConnect */,
				CBEFADB71EE7952B00B18EAB /* Products */,
			);
			sourceTree = "<group>";
		};
		CBEFADB71EE7952B00B18EAB /* Products */ = {
			isa = PBXGroup;
			children = (
				CBEFADB61EE7952B00B18EAB /* ClassConnect.app */,
			);
			name = Products;
			sourceTree = "<group>";
		};
		CBEFADB81EE7952B00B18EAB /* ClassConnect */ = {
			isa = PBXGroup;
			children = (
				CBEFADB91EE7952B00B18EAB /* AppDelegate.swift */,
				CBEFADBB1EE7952B00B18EAB /* ViewController.swift */,
				CBEFADBD1EE7952B00B18EAB /* Main.storyboard */,
				CBEFADC01EE7952B00B18EAB /* Assets.xcassets */,
				CBEFADC21EE7952B00B18EAB /* LaunchScreen.storyboard */,
				CBEFADC51EE7952B00B18EAB /* Info.plist */,
			);
			path = ClassConnect;
			sourceTree = "<group>";
		};
/* End PBXGroup section */

/* Begin PBXNativeTarget section */
		CBEFADB51EE7952B00B18EAB /* ClassConnect */ = {
			isa = PBXNativeTarget;
			buildConfigurationList = CBEFADC81EE7952B00B18EAB /* Build configuration list for PBXNativeTarget "ClassConnect" */;
			buildPhases = (
				CBEFADB21EE7952B00B18EAB /* Sources */,
				CBEFADB31EE7952B00B18EAB /* Frameworks */,
				CBEFADB41EE7952B00B18EAB /* Resources */,
			);
			buildRules = (
			);
			dependencies = (
			);
			name = ClassConnect;
			productName = ClassConnect;
			productReference = CBEFADB61EE7952B00B18EAB /* ClassConnect.app */;
			productType = "com.apple.product-type.application";
		};
/* End PBXNativeTarget section */

/* Begin PBXProject section */
		CBEFADAE1EE7952B00B18EAB /* Project object */ = {
			isa = PBXProject;
			attributes = {
				LastSwiftUpdateCheck = 0830;
				LastUpgradeCheck = 0830;
				ORGANIZATIONNAME = "Nguyen Do";
				TargetAttributes = {
					CBEFADB51EE7952B00B18EAB = {
						CreatedOnToolsVersion = 8.3.2;
						ProvisioningStyle = Automatic;
					};
				};
			};
			buildConfigurationList = CBEFADB11EE7952B00B18EAB /* Build configuration list for PBXProject "ClassConnect" */;
			compatibilityVersion = "Xcode 3.2";
			developmentRegion = English;
			hasScannedForEncodings = 0;
			knownRegions = (
				en,
				Base,
			);
			mainGroup = CBEFADAD1EE7952B00B18EAB;
			productRefGroup = CBEFADB71EE7952B00B18EAB /* Products */;
			projectDirPath = "";
			projectRoot = "";
			targets = (
				CBEFADB51EE7952B00B18EAB /* ClassConnect */,
			);
		};
/* End PBXProject section */

/* Begin PBXResourcesBuildPhase section */
		CBEFADB41EE7952B00B18EAB /* Resources */ = {
			isa = PBXResourcesBuildPhase;
			buildActionMask = 2147483647;
			files = (
				CBEFADC41EE7952B00B18EAB /* LaunchScreen.storyboard in Resources */,
				CBEFADC11EE7952B00B18EAB /* Assets.xcassets in Resources */,
				CBEFADBF1EE7952B00B18EAB /* Main.storyboard in Resources */,
			);
			runOnlyForDeploymentPostprocessing = 0;
		};
/* End PBXResourcesBuildPhase section */

/* Begin PBXSourcesBuildPhase section */
		CBEFADB21EE7952B00B18EAB /* Sources */ = {
			isa = PBXSourcesBuildPhase;
			buildActionMask = 2147483647;
			files = (
				CBEFADBC1EE7952B00B18EAB /* ViewController.swift in Sources */,
				CBEFADBA1EE7952B00B18EAB /* AppDelegate.swift in Sources */,
			);
			runOnlyForDeploymentPostprocessing = 0;
		};
/* End PBXSourcesBuildPhase section */

/* Begin PBXVariantGroup section */
		CBEFADBD1EE7952B00B18EAB /* Main.storyboard */ = {
			isa = PBXVariantGroup;
			children = (
				CBEFADBE1EE7952B00B18EAB /* Base */,
			);
			name = Main.storyboard;
			sourceTree = "<group>";
		};
		CBEFADC21EE7952B00B18EAB /* LaunchScreen.storyboard */ = {
			isa = PBXVariantGroup;
			children = (
				CBEFADC31EE7952B00B18EAB /* Base */,
			);
			name = LaunchScreen.storyboard;
			sourceTree = "<group>";
		};
/* End PBXVariantGroup section */

/* Begin XCBuildConfiguration section */
		CBEFADC61EE7952B00B18EAB /* Debug */ = {
			isa = XCBuildConfiguration;
			buildSettings = {
				ALWAYS_SEARCH_USER_PATHS = NO;
				CLANG_ANALYZER_NONNULL = YES;
				CLANG_ANALYZER_NUMBER_OBJECT_CONVERSION = YES_AGGRESSIVE;
				CLANG_CXX_LANGUAGE_STANDARD = "gnu++0x";
				CLANG_CXX_LIBRARY = "libc++";
				CLANG_ENABLE_MODULES = YES;
				CLANG_ENABLE_OBJC_ARC = YES;
				CLANG_WARN_BOOL_CONVERSION = YES;
				CLANG_WARN_CONSTANT_CONVERSION = YES;
				CLANG_WARN_DIRECT_OBJC_ISA_USAGE = YES_ERROR;
				CLANG_WARN_DOCUMENTATION_COMMENTS = YES;
				CLANG_WARN_EMPTY_BODY = YES;
				CLANG_WARN_ENUM_CONVERSION = YES;
				CLANG_WARN_INFINITE_RECURSION = YES;
				CLANG_WARN_INT_CONVERSION = YES;
				CLANG_WARN_OBJC_ROOT_CLASS = YES_ERROR;
				CLANG_WARN_SUSPICIOUS_MOVE = YES;
				CLANG_WARN_UNREACHABLE_CODE = YES;
				CLANG_WARN__DUPLICATE_METHOD_MATCH = YES;
				"CODE_SIGN_IDENTITY[sdk=iphoneos*]" = "iPhone Developer";
				COPY_PHASE_STRIP = NO;
				DEBUG_INFORMATION_FORMAT = dwarf;
				ENABLE_STRICT_OBJC_MSGSEND = YES;
				ENABLE_TESTABILITY = YES;
				GCC_C_LANGUAGE_STANDARD = gnu99;
				GCC_DYNAMIC_NO_PIC = NO;
				GCC_NO_COMMON_BLOCKS = YES;
				GCC_OPTIMIZATION_LEVEL = 0;
				GCC_PREPROCESSOR_DEFINITIONS = (
					"DEBUG=1",
					"$(inherited)",
				);
				GCC_WARN_64_TO_32_BIT_CONVERSION = YES;
				GCC_WARN_ABOUT_RETURN_TYPE = YES_ERROR;
				GCC_WARN_UNDECLARED_SELECTOR = YES;
				GCC_WARN_UNINITIALIZED_AUTOS = YES_AGGRESSIVE;
				GCC_WARN_UNUSED_FUNCTION = YES;
				GCC_WARN_UNUSED_VARIABLE = YES;
				IPHONEOS_DEPLOYMENT_TARGET = 10.3;
				MTL_ENABLE_DEBUG_INFO = YES;
				ONLY_ACTIVE_ARCH = YES;
				SDKROOT = iphoneos;
				SWIFT_ACTIVE_COMPILATION_CONDITIONS = DEBUG;
				SWIFT_OPTIMIZATION_LEVEL = "-Onone";
			};
			name = Debug;
		};
		CBEFADC71EE7952B00B18EAB /* Release */ = {
			isa = XCBuildConfiguration;
			buildSettings = {
				ALWAYS_SEARCH_USER_PATHS = NO;
				CLANG_ANALYZER_NONNULL = YES;
				CLANG_ANALYZER_NUMBER_OBJECT_CONVERSION = YES_AGGRESSIVE;
				CLANG_CXX_LANGUAGE_STANDARD = "gnu++0x";
				CLANG_CXX_LIBRARY = "libc++";
				CLANG_ENABLE_MODULES = YES;
				CLANG_ENABLE_OBJC_ARC = YES;
				CLANG_WARN_BOOL_CONVERSION = YES;
				CLANG_WARN_CONSTANT_CONVERSION = YES;
				CLANG_WARN_DIRECT_OBJC_ISA_USAGE = YES_ERROR;
				CLANG_WARN_DOCUMENTATION_COMMENTS = YES;
				CLANG_WARN_EMPTY_BODY = YES;
				CLANG_WARN_ENUM_CONVERSION = YES;
				CLANG_WARN_INFINITE_RECURSION = YES;
				CLANG_WARN_INT_CONVERSION = YES;
				CLANG_WARN_OBJC_ROOT_CLASS = YES_ERROR;
				CLANG_WARN_SUSPICIOUS_MOVE = YES;
				CLANG_WARN_UNREACHABLE_CODE = YES;
				CLANG_WARN__DUPLICATE_METHOD_MATCH = YES;
				"CODE_SIGN_IDENTITY[sdk=iphoneos*]" = "iPhone Developer";
				COPY_PHASE_STRIP = NO;
				DEBUG_INFORMATION_FORMAT = "dwarf-with-dsym";
				ENABLE_NS_ASSERTIONS = NO;
				ENABLE_STRICT_OBJC_MSGSEND = YES;
				GCC_C_LANGUAGE_STANDARD = gnu99;
				GCC_NO_COMMON_BLOCKS = YES;
				GCC_WARN_64_TO_32_BIT_CONVERSION = YES;
				GCC_WARN_ABOUT_RETURN_TYPE = YES_ERROR;
				GCC_WARN_UNDECLARED_SELECTOR = YES;
				GCC_WARN_UNINITIALIZED_AUTOS = YES_AGGRESSIVE;
				GCC_WARN_UNUSED_FUNCTION = YES;
				GCC_WARN_UNUSED_VARIABLE = YES;
				IPHONEOS_DEPLOYMENT_TARGET = 10.3;
				MTL_ENABLE_DEBUG_INFO = NO;
				SDKROOT = iphoneos;
				SWIFT_OPTIMIZATION_LEVEL = "-Owholemodule";
				VALIDATE_PRODUCT = YES;
			};
			name = Release;
		};
		CBEFADC91EE7952B00B18EAB /* Debug */ = {
			isa = XCBuildConfiguration;
			buildSettings = {
				ASSETCATALOG_COMPILER_APPICON_NAME = AppIcon;
				INFOPLIST_FILE = ClassConnect/Info.plist;
				LD_RUNPATH_SEARCH_PATHS = "$(inherited) @executable_path/Frameworks";
				PRODUCT_BUNDLE_IDENTIFIER = gametime.nguyendo.ClassConnect;
				PRODUCT_NAME = "$(TARGET_NAME)";
				SWIFT_VERSION = 3.0;
			};
			name = Debug;
		};
		CBEFADCA1EE7952B00B18EAB /* Release */ = {
			isa = XCBuildConfiguration;
			buildSettings = {
				ASSETCATALOG_COMPILER_APPICON_NAME = AppIcon;
				INFOPLIST_FILE = ClassConnect/Info.plist;
				LD_RUNPATH_SEARCH_PATHS = "$(inherited) @executable_path/Frameworks";
				PRODUCT_BUNDLE_IDENTIFIER = gametime.nguyendo.ClassConnect;
				PRODUCT_NAME = "$(TARGET_NAME)";
				SWIFT_VERSION = 3.0;
			};
			name = Release;
		};
/* End XCBuildConfiguration section */

/* Begin XCConfigurationList section */
		CBEFADB11EE7952B00B18EAB /* Build configuration list for PBXProject "ClassConnect" */ = {
			isa = XCConfigurationList;
			buildConfigurations = (
				CBEFADC61EE7952B00B18EAB /* Debug */,
				CBEFADC71EE7952B00B18EAB /* Release */,
			);
			defaultConfigurationIsVisible = 0;
			defaultConfigurationName = Release;
		};
		CBEFADC81EE7952B00B18EAB /* Build configuration list for PBXNativeTarget "ClassConnect" */ = {
			isa = XCConfigurationList;
			buildConfigurations = (
				CBEFADC91EE7952B00B18EAB /* Debug */,
				CBEFADCA1EE7952B00B18EAB /* Release */,
			);
			defaultConfigurationIsVisible = 0;
		};
/* End XCConfigurationList section */
	};
	rootObject = CBEFADAE1EE7952B00B18EAB /* Project object */;
}
